
Microsoft Visual Studio Solution File, Format Version 12.00
# Visual Studio Version 17
VisualStudioVersion = 17.4.33205.214
MinimumVisualStudioVersion = 10.0.40219.1
Project("{FAE04EC0-301F-11D3-BF4B-00C04F79EFBC}") = "cfy", "cfy\cfy.csproj", "{967D7AEB-76CC-49EE-A1FD-A6478DFF87C9}"
EndProject
Global
	GlobalSection(SolutionConfigurationPlatforms) = preSolution
		Debug|Any CPU = Debug|Any CPU
		Release|Any CPU = Release|Any CPU
	EndGlobalSection
	GlobalSection(ProjectConfigurationPlatforms) = postSolution
		{967D7AEB-76CC-49EE-A1FD-A6478DFF87C9}.Debug|Any CPU.ActiveCfg = Debug|Any CPU
		{967D7AEB-76CC-49EE-A1FD-A6478DFF87C9}.Debug|Any CPU.Build.0 = Debug|Any CPU
		{967D7AEB-76CC-49EE-A1FD-A6478DFF87C9}.Release|Any CPU.ActiveCfg = Release|Any CPU
		{967D7AEB-76CC-49EE-A1FD-A6478DFF87C9}.Release|Any CPU.Build.0 = Release|Any CPU
	EndGlobalSection
	GlobalSection(SolutionProperties) = preSolution
		HideSolutionNode = FALSE
	EndGlobalSection
	GlobalSection(ExtensibilityGlobals) = postSolution
		SolutionGuid = {D3C88A08-5526-4D80-BDAA-0FE466638EB4}
	EndGlobalSection
EndGlobal
